
Microsoft Visual Studio Solution File, Format Version 12.00
# Visual Studio Version 17
VisualStudioVersion = 17.6.33829.357
MinimumVisualStudioVersion = 10.0.40219.1
Project("{8BC9CEB8-8B4A-11D0-8D11-00A0C91BC942}") = "2D", "2D\2D.vcxproj", "{97A1F9C0-76C6-4E09-98D3-6567EAC5ABFD}"
EndProject
Project("{8BC9CEB8-8B4A-11D0-8D11-00A0C91BC942}") = "RayTracer", "RayTracer\RayTracer.vcxproj", "{9F817CDB-910C-492E-8B88-A6D30AF2777C}"
EndProject
Global
	GlobalSection(SolutionConfigurationPlatforms) = preSolution
		Debug|x64 = Debug|x64
		Debug|x86 = Debug|x86
		Release|x64 = Release|x64
		Release|x86 = Release|x86
	EndGlobalSection
	GlobalSection(ProjectConfigurationPlatforms) = postSolution
		{97A1F9C0-76C6-4E09-98D3-6567EAC5ABFD}.Debug|x64.ActiveCfg = Debug|x64
		{97A1F9C0-76C6-4E09-98D3-6567EAC5ABFD}.Debug|x64.Build.0 = Debug|x64
		{97A1F9C0-76C6-4E09-98D3-6567EAC5ABFD}.Debug|x86.ActiveCfg = Debug|Win32
		{97A1F9C0-76C6-4E09-98D3-6567EAC5ABFD}.Debug|x86.Build.0 = Debug|Win32
		{97A1F9C0-76C6-4E09-98D3-6567EAC5ABFD}.Release|x64.ActiveCfg = Release|x64
		{97A1F9C0-76C6-4E09-98D3-6567EAC5ABFD}.Release|x64.Build.0 = Release|x64
		{97A1F9C0-76C6-4E09-98D3-6567EAC5ABFD}.Release|x86.ActiveCfg = Release|Win32
		{97A1F9C0-76C6-4E09-98D3-6567EAC5ABFD}.Release|x86.Build.0 = Release|Win32
		{9F817CDB-910C-492E-8B88-A6D30AF2777C}.Debug|x64.ActiveCfg = Debug|x64
		{9F817CDB-910C-492E-8B88-A6D30AF2777C}.Debug|x64.Build.0 = Debug|x64
		{9F817CDB-910C-492E-8B88-A6D30AF2777C}.Debug|x86.ActiveCfg = Debug|Win32
		{9F817CDB-910C-492E-8B88-A6D30AF2777C}.Debug|x86.Build.0 = Debug|Win32
		{9F817CDB-910C-492E-8B88-A6D30AF2777C}.Release|x64.ActiveCfg = Release|x64
		{9F817CDB-910C-492E-8B88-A6D30AF2777C}.Release|x64.Build.0 = Release|x64
		{9F817CDB-910C-492E-8B88-A6D30AF2777C}.Release|x86.ActiveCfg = Release|Win32
		{9F817CDB-910C-492E-8B88-A6D30AF2777C}.Release|x86.Build.0 = Release|Win32
	EndGlobalSection
	GlobalSection(SolutionProperties) = preSolution
		HideSolutionNode = FALSE
	EndGlobalSection
	GlobalSection(ExtensibilityGlobals) = postSolution
		SolutionGuid = {975626A5-75FE-4CBB-8738-BA29A7978147}
	EndGlobalSection
EndGlobal
